
Microsoft Visual Studio Solution File, Format Version 12.00
# Visual Studio Version 16
VisualStudioVersion = 16.0.33214.272
MinimumVisualStudioVersion = 10.0.40219.1
Project("{FAE04EC0-301F-11D3-BF4B-00C04F79EFBC}") = "CapaPresentacionAdmin", "CapaPresentacionAdmin\CapaPresentacionAdmin.csproj", "{48439C61-EEDC-44E4-AD3F-4E7721DFDA4F}"
EndProject
Project("{FAE04EC0-301F-11D3-BF4B-00C04F79EFBC}") = "CapaPresentacionTienda", "CapaPresentacionTienda\CapaPresentacionTienda.csproj", "{ECA2BB1C-6904-4B32-921C-684D6061C398}"
EndProject
Project("{FAE04EC0-301F-11D3-BF4B-00C04F79EFBC}") = "CapaDatos", "CapaDatos\CapaDatos.csproj", "{96F7D39F-42C6-40E4-9261-6B84E9C41DE9}"
EndProject
Project("{FAE04EC0-301F-11D3-BF4B-00C04F79EFBC}") = "CapaEntidad", "CapaEntidad\CapaEntidad.csproj", "{45BD5CA8-E91B-456D-AB92-8082123B0A5E}"
EndProject
Project("{FAE04EC0-301F-11D3-BF4B-00C04F79EFBC}") = "CapaNegocio", "CapaNegocio\CapaNegocio.csproj", "{CDC367B2-E0D8-4C5F-9478-3B5D21D2E6B5}"
EndProject
Global
	GlobalSection(SolutionConfigurationPlatforms) = preSolution
		Debug|Any CPU = Debug|Any CPU
		Release|Any CPU = Release|Any CPU
	EndGlobalSection
	GlobalSection(ProjectConfigurationPlatforms) = postSolution
		{48439C61-EEDC-44E4-AD3F-4E7721DFDA4F}.Debug|Any CPU.ActiveCfg = Debug|Any CPU
		{48439C61-EEDC-44E4-AD3F-4E7721DFDA4F}.Debug|Any CPU.Build.0 = Debug|Any CPU
		{48439C61-EEDC-44E4-AD3F-4E7721DFDA4F}.Release|Any CPU.ActiveCfg = Release|Any CPU
		{48439C61-EEDC-44E4-AD3F-4E7721DFDA4F}.Release|Any CPU.Build.0 = Release|Any CPU
		{ECA2BB1C-6904-4B32-921C-684D6061C398}.Debug|Any CPU.ActiveCfg = Debug|Any CPU
		{ECA2BB1C-6904-4B32-921C-684D6061C398}.Debug|Any CPU.Build.0 = Debug|Any CPU
		{ECA2BB1C-6904-4B32-921C-684D6061C398}.Release|Any CPU.ActiveCfg = Release|Any CPU
		{ECA2BB1C-6904-4B32-921C-684D6061C398}.Release|Any CPU.Build.0 = Release|Any CPU
		{96F7D39F-42C6-40E4-9261-6B84E9C41DE9}.Debug|Any CPU.ActiveCfg = Debug|Any CPU
		{96F7D39F-42C6-40E4-9261-6B84E9C41DE9}.Debug|Any CPU.Build.0 = Debug|Any CPU
		{96F7D39F-42C6-40E4-9261-6B84E9C41DE9}.Release|Any CPU.ActiveCfg = Release|Any CPU
		{96F7D39F-42C6-40E4-9261-6B84E9C41DE9}.Release|Any CPU.Build.0 = Release|Any CPU
		{45BD5CA8-E91B-456D-AB92-8082123B0A5E}.Debug|Any CPU.ActiveCfg = Debug|Any CPU
		{45BD5CA8-E91B-456D-AB92-8082123B0A5E}.Debug|Any CPU.Build.0 = Debug|Any CPU
		{45BD5CA8-E91B-456D-AB92-8082123B0A5E}.Release|Any CPU.ActiveCfg = Release|Any CPU
		{45BD5CA8-E91B-456D-AB92-8082123B0A5E}.Release|Any CPU.Build.0 = Release|Any CPU
		{CDC367B2-E0D8-4C5F-9478-3B5D21D2E6B5}.Debug|Any CPU.ActiveCfg = Debug|Any CPU
		{CDC367B2-E0D8-4C5F-9478-3B5D21D2E6B5}.Debug|Any CPU.Build.0 = Debug|Any CPU
		{CDC367B2-E0D8-4C5F-9478-3B5D21D2E6B5}.Release|Any CPU.ActiveCfg = Release|Any CPU
		{CDC367B2-E0D8-4C5F-9478-3B5D21D2E6B5}.Release|Any CPU.Build.0 = Release|Any CPU
	EndGlobalSection
	GlobalSection(SolutionProperties) = preSolution
		HideSolutionNode = FALSE
	EndGlobalSection
	GlobalSection(ExtensibilityGlobals) = postSolution
		SolutionGuid = {5EE60216-56CC-4A2D-A20E-F52D7125D558}
	EndGlobalSection
EndGlobal
